// !$*UTF8*$!
{
	archiveVersion = 1;
	classes = {
	};
	objectVersion = 46;
	objects = {

/* Begin PBXBuildFile section */
		8CD0F5AB1AF5097F009C9954 /* main.m in Sources */ = {isa = PBXBuildFile; fileRef = 8CD0F5AA1AF5097F009C9954 /* main.m */; };
		8CD0F5AE1AF5097F009C9954 /* AppDelegate.m in Sources */ = {isa = PBXBuildFile; fileRef = 8CD0F5AD1AF5097F009C9954 /* AppDelegate.m */; };
		8CD0F5B11AF5097F009C9954 /* ViewController.m in Sources */ = {isa = PBXBuildFile; fileRef = 8CD0F5B01AF5097F009C9954 /* ViewController.m */; };
		8CD0F5B41AF5097F009C9954 /* Main.storyboard in Resources */ = {isa = PBXBuildFile; fileRef = 8CD0F5B21AF5097F009C9954 /* Main.storyboard */; };
		8CD0F5B61AF5097F009C9954 /* Images.xcassets in Resources */ = {isa = PBXBuildFile; fileRef = 8CD0F5B51AF5097F009C9954 /* Images.xcassets */; };
		8CD0F5B91AF5097F009C9954 /* LaunchScreen.xib in Resources */ = {isa = PBXBuildFile; fileRef = 8CD0F5B71AF5097F009C9954 /* LaunchScreen.xib */; };
		8CD0F5C51AF50980009C9954 /* t8Tests.m in Sources */ = {isa = PBXBuildFile; fileRef = 8CD0F5C41AF50980009C9954 /* t8Tests.m */; };
/* End PBXBuildFile section */

/* Begin PBXContainerItemProxy section */
		8CD0F5BF1AF50980009C9954 /* PBXContainerItemProxy */ = {
			isa = PBXContainerItemProxy;
			containerPortal = 8CD0F59D1AF5097F009C9954 /* Project object */;
			proxyType = 1;
			remoteGlobalIDString = 8CD0F5A41AF5097F009C9954;
			remoteInfo = t8;
		};
/* End PBXContainerItemProxy section */

/* Begin PBXFileReference section */
		8CD0F5A51AF5097F009C9954 /* t8.app */ = {isa = PBXFileReference; explicitFileType = wrapper.application; includeInIndex = 0; path = t8.app; sourceTree = BUILT_PRODUCTS_DIR; };
		8CD0F5A91AF5097F009C9954 /* Info.plist */ = {isa = PBXFileReference; lastKnownFileType = text.plist.xml; path = Info.plist; sourceTree = "<group>"; };
		8CD0F5AA1AF5097F009C9954 /* main.m */ = {isa = PBXFileReference; lastKnownFileType = sourcecode.c.objc; path = main.m; sourceTree = "<group>"; };
		8CD0F5AC1AF5097F009C9954 /* AppDelegate.h */ = {isa = PBXFileReference; lastKnownFileType = sourcecode.c.h; path = AppDelegate.h; sourceTree = "<group>"; };
		8CD0F5AD1AF5097F009C9954 /* AppDelegate.m */ = {isa = PBXFileReference; lastKnownFileType = sourcecode.c.objc; path = AppDelegate.m; sourceTree = "<group>"; };
		8CD0F5AF1AF5097F009C9954 /* ViewController.h */ = {isa = PBXFileReference; lastKnownFileType = sourcecode.c.h; path = ViewController.h; sourceTree = "<group>"; };
		8CD0F5B01AF5097F009C9954 /* ViewController.m */ = {isa = PBXFileReference; lastKnownFileType = sourcecode.c.objc; path = ViewController.m; sourceTree = "<group>"; };
		8CD0F5B31AF5097F009C9954 /* Base */ = {isa = PBXFileReference; lastKnownFileType = file.storyboard; name = Base; path = Base.lproj/Main.storyboard; sourceTree = "<group>"; };
		8CD0F5B51AF5097F009C9954 /* Images.xcassets */ = {isa = PBXFileReference; lastKnownFileType = folder.assetcatalog; path = Images.xcassets; sourceTree = "<group>"; };
		8CD0F5B81AF5097F009C9954 /* Base */ = {isa = PBXFileReference; lastKnownFileType = file.xib; name = Base; path = Base.lproj/LaunchScreen.xib; sourceTree = "<group>"; };
		8CD0F5BE1AF50980009C9954 /* t8Tests.xctest */ = {isa = PBXFileReference; explicitFileType = wrapper.cfbundle; includeInIndex = 0; path = t8Tests.xctest; sourceTree = BUILT_PRODUCTS_DIR; };
		8CD0F5C31AF50980009C9954 /* Info.plist */ = {isa = PBXFileReference; lastKnownFileType = text.plist.xml; path = Info.plist; sourceTree = "<group>"; };
		8CD0F5C41AF50980009C9954 /* t8Tests.m */ = {isa = PBXFileReference; lastKnownFileType = sourcecode.c.objc; path = t8Tests.m; sourceTree = "<group>"; };
/* End PBXFileReference section */

/* Begin PBXFrameworksBuildPhase section */
		8CD0F5A21AF5097F009C9954 /* Frameworks */ = {
			isa = PBXFrameworksBuildPhase;
			buildActionMask = 2147483647;
			files = (
			);
			runOnlyForDeploymentPostprocessing = 0;
		};
		8CD0F5BB1AF50980009C9954 /* Frameworks */ = {
			isa = PBXFrameworksBuildPhase;
			buildActionMask = 2147483647;
			files = (
			);
			runOnlyForDeploymentPostprocessing = 0;
		};
/* End PBXFrameworksBuildPhase section */

/* Begin PBXGroup section */
		8CD0F59C1AF5097F009C9954 = {
			isa = PBXGroup;
			children = (
				8CD0F5A71AF5097F009C9954 /* t8 */,
				8CD0F5C11AF50980009C9954 /* t8Tests */,
				8CD0F5A61AF5097F009C9954 /* Products */,
			);
			sourceTree = "<group>";
		};
		8CD0F5A61AF5097F009C9954 /* Products */ = {
			isa = PBXGroup;
			children = (
				8CD0F5A51AF5097F009C9954 /* t8.app */,
				8CD0F5BE1AF50980009C9954 /* t8Tests.xctest */,
			);
			name = Products;
			sourceTree = "<group>";
		};
		8CD0F5A71AF5097F009C9954 /* t8 */ = {
			isa = PBXGroup;
			children = (
				8CD0F5AC1AF5097F009C9954 /* AppDelegate.h */,
				8CD0F5AD1AF5097F009C9954 /* AppDelegate.m */,
				8CD0F5AF1AF5097F009C9954 /* ViewController.h */,
				8CD0F5B01AF5097F009C9954 /* ViewController.m */,
				8CD0F5B21AF5097F009C9954 /* Main.storyboard */,
				8CD0F5B51AF5097F009C9954 /* Images.xcassets */,
				8CD0F5B71AF5097F009C9954 /* LaunchScreen.xib */,
				8CD0F5A81AF5097F009C9954 /* Supporting Files */,
			);
			path = t8;
			sourceTree = "<group>";
		};
		8CD0F5A81AF5097F009C9954 /* Supporting Files */ = {
			isa = PBXGroup;
			children = (
				8CD0F5A91AF5097F009C9954 /* Info.plist */,
				8CD0F5AA1AF5097F009C9954 /* main.m */,
			);
			name = "Supporting Files";
			sourceTree = "<group>";
		};
		8CD0F5C11AF50980009C9954 /* t8Tests */ = {
			isa = PBXGroup;
			children = (
				8CD0F5C41AF50980009C9954 /* t8Tests.m */,
				8CD0F5C21AF50980009C9954 /* Supporting Files */,
			);
			path = t8Tests;
			sourceTree = "<group>";
		};
		8CD0F5C21AF50980009C9954 /* Supporting Files */ = {
			isa = PBXGroup;
			children = (
				8CD0F5C31AF50980009C9954 /* Info.plist */,
			);
			name = "Supporting Files";
			sourceTree = "<group>";
		};
/* End PBXGroup section */

/* Begin PBXNativeTarget section */
		8CD0F5A41AF5097F009C9954 /* t8 */ = {
			isa = PBXNativeTarget;
			buildConfigurationList = 8CD0F5C81AF50980009C9954 /* Build configuration list for PBXNativeTarget "t8" */;
			buildPhases = (
				8CD0F5A11AF5097F009C9954 /* Sources */,
				8CD0F5A21AF5097F009C9954 /* Frameworks */,
				8CD0F5A31AF5097F009C9954 /* Resources */,
			);
			buildRules = (
			);
			dependencies = (
			);
			name = t8;
			productName = t8;
			productReference = 8CD0F5A51AF5097F009C9954 /* t8.app */;
			productType = "com.apple.product-type.application";
		};
		8CD0F5BD1AF50980009C9954 /* t8Tests */ = {
			isa = PBXNativeTarget;
			buildConfigurationList = 8CD0F5CB1AF50980009C9954 /* Build configuration list for PBXNativeTarget "t8Tests" */;
			buildPhases = (
				8CD0F5BA1AF50980009C9954 /* Sources */,
				8CD0F5BB1AF50980009C9954 /* Frameworks */,
				8CD0F5BC1AF50980009C9954 /* Resources */,
			);
			buildRules = (
			);
			dependencies = (
				8CD0F5C01AF50980009C9954 /* PBXTargetDependency */,
			);
			name = t8Tests;
			productName = t8Tests;
			productReference = 8CD0F5BE1AF50980009C9954 /* t8Tests.xctest */;
			productType = "com.apple.product-type.bundle.unit-test";
		};
/* End PBXNativeTarget section */

/* Begin PBXProject section */
		8CD0F59D1AF5097F009C9954 /* Project object */ = {
			isa = PBXProject;
			attributes = {
				LastUpgradeCheck = 0630;
				ORGANIZATIONNAME = ME;
				TargetAttributes = {
					8CD0F5A41AF5097F009C9954 = {
						CreatedOnToolsVersion = 6.3.1;
					};
					8CD0F5BD1AF50980009C9954 = {
						CreatedOnToolsVersion = 6.3.1;
						TestTargetID = 8CD0F5A41AF5097F009C9954;
					};
				};
			};
			buildConfigurationList = 8CD0F5A01AF5097F009C9954 /* Build configuration list for PBXProject "t8" */;
			compatibilityVersion = "Xcode 3.2";
			developmentRegion = English;
			hasScannedForEncodings = 0;
			knownRegions = (
				en,
				Base,
			);
			mainGroup = 8CD0F59C1AF5097F009C9954;
			productRefGroup = 8CD0F5A61AF5097F009C9954 /* Products */;
			projectDirPath = "";
			projectRoot = "";
			targets = (
				8CD0F5A41AF5097F009C9954 /* t8 */,
				8CD0F5BD1AF50980009C9954 /* t8Tests */,
			);
		};
/* End PBXProject section */

/* Begin PBXResourcesBuildPhase section */
		8CD0F5A31AF5097F009C9954 /* Resources */ = {
			isa = PBXResourcesBuildPhase;
			buildActionMask = 2147483647;
			files = (
				8CD0F5B41AF5097F009C9954 /* Main.storyboard in Resources */,
				8CD0F5B91AF5097F009C9954 /* LaunchScreen.xib in Resources */,
				8CD0F5B61AF5097F009C9954 /* Images.xcassets in Resources */,
			);
			runOnlyForDeploymentPostprocessing = 0;
		};
		8CD0F5BC1AF50980009C9954 /* Resources */ = {
			isa = PBXResourcesBuildPhase;
			buildActionMask = 2147483647;
			files = (
			);
			runOnlyForDeploymentPostprocessing = 0;
		};
/* End PBXResourcesBuildPhase section */

/* Begin PBXSourcesBuildPhase section */
		8CD0F5A11AF5097F009C9954 /* Sources */ = {
			isa = PBXSourcesBuildPhase;
			buildActionMask = 2147483647;
			files = (
				8CD0F5B11AF5097F009C9954 /* ViewController.m in Sources */,
				8CD0F5AE1AF5097F009C9954 /* AppDelegate.m in Sources */,
				8CD0F5AB1AF5097F009C9954 /* main.m in Sources */,
			);
			runOnlyForDeploymentPostprocessing = 0;
		};
		8CD0F5BA1AF50980009C9954 /* Sources */ = {
			isa = PBXSourcesBuildPhase;
			buildActionMask = 2147483647;
			files = (
				8CD0F5C51AF50980009C9954 /* t8Tests.m in Sources */,
			);
			runOnlyForDeploymentPostprocessing = 0;
		};
/* End PBXSourcesBuildPhase section */

/* Begin PBXTargetDependency section */
		8CD0F5C01AF50980009C9954 /* PBXTargetDependency */ = {
			isa = PBXTargetDependency;
			target = 8CD0F5A41AF5097F009C9954 /* t8 */;
			targetProxy = 8CD0F5BF1AF50980009C9954 /* PBXContainerItemProxy */;
		};
/* End PBXTargetDependency section */

/* Begin PBXVariantGroup section */
		8CD0F5B21AF5097F009C9954 /* Main.storyboard */ = {
			isa = PBXVariantGroup;
			children = (
				8CD0F5B31AF5097F009C9954 /* Base */,
			);
			name = Main.storyboard;
			sourceTree = "<group>";
		};
		8CD0F5B71AF5097F009C9954 /* LaunchScreen.xib */ = {
			isa = PBXVariantGroup;
			children = (
				8CD0F5B81AF5097F009C9954 /* Base */,
			);
			name = LaunchScreen.xib;
			sourceTree = "<group>";
		};
/* End PBXVariantGroup section */

/* Begin XCBuildConfiguration section */
		8CD0F5C61AF50980009C9954 /* Debug */ = {
			isa = XCBuildConfiguration;
			buildSettings = {
				ALWAYS_SEARCH_USER_PATHS = NO;
				CLANG_CXX_LANGUAGE_STANDARD = "gnu++0x";
				CLANG_CXX_LIBRARY = "libc++";
				CLANG_ENABLE_MODULES = YES;
				CLANG_ENABLE_OBJC_ARC = YES;
				CLANG_WARN_BOOL_CONVERSION = YES;
				CLANG_WARN_CONSTANT_CONVERSION = YES;
				CLANG_WARN_DIRECT_OBJC_ISA_USAGE = YES_ERROR;
				CLANG_WARN_EMPTY_BODY = YES;
				CLANG_WARN_ENUM_CONVERSION = YES;
				CLANG_WARN_INT_CONVERSION = YES;
				CLANG_WARN_OBJC_ROOT_CLASS = YES_ERROR;
				CLANG_WARN_UNREACHABLE_CODE = YES;
				CLANG_WARN__DUPLICATE_METHOD_MATCH = YES;
				"CODE_SIGN_IDENTITY[sdk=iphoneos*]" = "iPhone Developer";
				COPY_PHASE_STRIP = NO;
				DEBUG_INFORMATION_FORMAT = "dwarf-with-dsym";
				ENABLE_STRICT_OBJC_MSGSEND = YES;
				GCC_C_LANGUAGE_STANDARD = gnu99;
				GCC_DYNAMIC_NO_PIC = NO;
				GCC_NO_COMMON_BLOCKS = YES;
				GCC_OPTIMIZATION_LEVEL = 0;
				GCC_PREPROCESSOR_DEFINITIONS = (
					"DEBUG=1",
					"$(inherited)",
				);
				GCC_SYMBOLS_PRIVATE_EXTERN = NO;
				GCC_WARN_64_TO_32_BIT_CONVERSION = YES;
				GCC_WARN_ABOUT_RETURN_TYPE = YES_ERROR;
				GCC_WARN_UNDECLARED_SELECTOR = YES;
				GCC_WARN_UNINITIALIZED_AUTOS = YES_AGGRESSIVE;
				GCC_WARN_UNUSED_FUNCTION = YES;
				GCC_WARN_UNUSED_VARIABLE = YES;
				IPHONEOS_DEPLOYMENT_TARGET = 8.3;
				MTL_ENABLE_DEBUG_INFO = YES;
				ONLY_ACTIVE_ARCH = YES;
				SDKROOT = iphoneos;
			};
			name = Debug;
		};
		8CD0F5C71AF50980009C9954 /* Release */ = {
			isa = XCBuildConfiguration;
			buildSettings = {
				ALWAYS_SEARCH_USER_PATHS = NO;
				CLANG_CXX_LANGUAGE_STANDARD = "gnu++0x";
				CLANG_CXX_LIBRARY = "libc++";
				CLANG_ENABLE_MODULES = YES;
				CLANG_ENABLE_OBJC_ARC = YES;
				CLANG_WARN_BOOL_CONVERSION = YES;
				CLANG_WARN_CONSTANT_CONVERSION = YES;
				CLANG_WARN_DIRECT_OBJC_ISA_USAGE = YES_ERROR;
				CLANG_WARN_EMPTY_BODY = YES;
				CLANG_WARN_ENUM_CONVERSION = YES;
				CLANG_WARN_INT_CONVERSION = YES;
				CLANG_WARN_OBJC_ROOT_CLASS = YES_ERROR;
				CLANG_WARN_UNREACHABLE_CODE = YES;
				CLANG_WARN__DUPLICATE_METHOD_MATCH = YES;
				"CODE_SIGN_IDENTITY[sdk=iphoneos*]" = "iPhone Developer";
				COPY_PHASE_STRIP = NO;
				DEBUG_INFORMATION_FORMAT = "dwarf-with-dsym";
				ENABLE_NS_ASSERTIONS = NO;
				ENABLE_STRICT_OBJC_MSGSEND = YES;
				GCC_C_LANGUAGE_STANDARD = gnu99;
				GCC_NO_COMMON_BLOCKS = YES;
				GCC_WARN_64_TO_32_BIT_CONVERSION = YES;
				GCC_WARN_ABOUT_RETURN_TYPE = YES_ERROR;
				GCC_WARN_UNDECLARED_SELECTOR = YES;
				GCC_WARN_UNINITIALIZED_AUTOS = YES_AGGRESSIVE;
				GCC_WARN_UNUSED_FUNCTION = YES;
				GCC_WARN_UNUSED_VARIABLE = YES;
				IPHONEOS_DEPLOYMENT_TARGET = 8.3;
				MTL_ENABLE_DEBUG_INFO = NO;
				SDKROOT = iphoneos;
				VALIDATE_PRODUCT = YES;
			};
			name = Release;
		};
		8CD0F5C91AF50980009C9954 /* Debug */ = {
			isa = XCBuildConfiguration;
			buildSettings = {
				ASSETCATALOG_COMPILER_APPICON_NAME = AppIcon;
				INFOPLIST_FILE = t8/Info.plist;
				LD_RUNPATH_SEARCH_PATHS = "$(inherited) @executable_path/Frameworks";
				PRODUCT_NAME = "$(TARGET_NAME)";
			};
			name = Debug;
		};
		8CD0F5CA1AF50980009C9954 /* Release */ = {
			isa = XCBuildConfiguration;
			buildSettings = {
				ASSETCATALOG_COMPILER_APPICON_NAME = AppIcon;
				INFOPLIST_FILE = t8/Info.plist;
				LD_RUNPATH_SEARCH_PATHS = "$(inherited) @executable_path/Frameworks";
				PRODUCT_NAME = "$(TARGET_NAME)";
			};
			name = Release;
		};
		8CD0F5CC1AF50980009C9954 /* Debug */ = {
			isa = XCBuildConfiguration;
			buildSettings = {
				BUNDLE_LOADER = "$(TEST_HOST)";
				FRAMEWORK_SEARCH_PATHS = (
					"$(SDKROOT)/Developer/Library/Frameworks",
					"$(inherited)",
				);
				GCC_PREPROCESSOR_DEFINITIONS = (
					"DEBUG=1",
					"$(inherited)",
				);
				INFOPLIST_FILE = t8Tests/Info.plist;
				LD_RUNPATH_SEARCH_PATHS = "$(inherited) @executable_path/Frameworks @loader_path/Frameworks";
				PRODUCT_NAME = "$(TARGET_NAME)";
				TEST_HOST = "$(BUILT_PRODUCTS_DIR)/t8.app/t8";
			};
			name = Debug;
		};
		8CD0F5CD1AF50980009C9954 /* Release */ = {
			isa = XCBuildConfiguration;
			buildSettings = {
				BUNDLE_LOADER = "$(TEST_HOST)";
				FRAMEWORK_SEARCH_PATHS = (
					"$(SDKROOT)/Developer/Library/Frameworks",
					"$(inherited)",
				);
				INFOPLIST_FILE = t8Tests/Info.plist;
				LD_RUNPATH_SEARCH_PATHS = "$(inherited) @executable_path/Frameworks @loader_path/Frameworks";
				PRODUCT_NAME = "$(TARGET_NAME)";
				TEST_HOST = "$(BUILT_PRODUCTS_DIR)/t8.app/t8";
			};
			name = Release;
		};
/* End XCBuildConfiguration section */

/* Begin XCConfigurationList section */
		8CD0F5A01AF5097F009C9954 /* Build configuration list for PBXProject "t8" */ = {
			isa = XCConfigurationList;
			buildConfigurations = (
				8CD0F5C61AF50980009C9954 /* Debug */,
				8CD0F5C71AF50980009C9954 /* Release */,
			);
			defaultConfigurationIsVisible = 0;
			defaultConfigurationName = Release;
		};
		8CD0F5C81AF50980009C9954 /* Build configuration list for PBXNativeTarget "t8" */ = {
			isa = XCConfigurationList;
			buildConfigurations = (
				8CD0F5C91AF50980009C9954 /* Debug */,
				8CD0F5CA1AF50980009C9954 /* Release */,
			);
			defaultConfigurationIsVisible = 0;
		};
		8CD0F5CB1AF50980009C9954 /* Build configuration list for PBXNativeTarget "t8Tests" */ = {
			isa = XCConfigurationList;
			buildConfigurations = (
				8CD0F5CC1AF50980009C9954 /* Debug */,
				8CD0F5CD1AF50980009C9954 /* Release */,
			);
			defaultConfigurationIsVisible = 0;
		};
/* End XCConfigurationList section */
	};
	rootObject = 8CD0F59D1AF5097F009C9954 /* Project object */;
}
